# This file is generated by running "yarn install" inside your project.
# Manual changes might be lost - proceed with caution!

__metadata:
  version: 6
  cacheKey: 8

"@types/fs-extra@npm:^11.0.2":
  version: 11.0.2
  resolution: "@types/fs-extra@npm:11.0.2"
  dependencies:
    "@types/jsonfile": "*"
    "@types/node": "*"
  checksum: 5b3e30343ee62d2e393e1029355f13f64bab6f3416226e22492483f99da840e2e53ca22cbfa4ac3749f2f83f7086d19c009005c8fa175da01df0fae59c2d73e1
  languageName: node
  linkType: hard

"@types/jsonfile@npm:*":
  version: 6.1.2
  resolution: "@types/jsonfile@npm:6.1.2"
  dependencies:
    "@types/node": "*"
  checksum: 3e020944de09e54ef7c4200dfbbedba76da417a58c712611ff9d30921e214dfabbe81dadd4d6608647a3ee8900d445407d7336dd991b8fe6df4249320ad4a1b4
  languageName: node
  linkType: hard

"@types/node@npm:*":
  version: 20.8.0
  resolution: "@types/node@npm:20.8.0"
  checksum: ebad6342d54238a24bf980d7750117a5d67749c9b72cbb7a974a1e932c39034aa3a810d669e007e8a5071782a253aa069a187b614407a382403c9826e837c849
  languageName: node
  linkType: hard

"fs-extra@npm:^11.1.1":
  version: 11.1.1
  resolution: "fs-extra@npm:11.1.1"
  dependencies:
    graceful-fs: ^4.2.0
    jsonfile: ^6.0.1
    universalify: ^2.0.0
  checksum: fb883c68245b2d777fbc1f2082c9efb084eaa2bbf9fddaa366130d196c03608eebef7fb490541276429ee1ca99f317e2d73e96f5ca0999eefedf5a624ae1edfd
  languageName: node
  linkType: hard

"graceful-fs@npm:^4.1.6, graceful-fs@npm:^4.2.0":
  version: 4.2.11
  resolution: "graceful-fs@npm:4.2.11"
  checksum: ac85f94da92d8eb6b7f5a8b20ce65e43d66761c55ce85ac96df6865308390da45a8d3f0296dd3a663de65d30ba497bd46c696cc1e248c72b13d6d567138a4fc7
  languageName: node
  linkType: hard

"hallowface@workspace:.":
  version: 0.0.0-use.local
  resolution: "hallowface@workspace:."
  dependencies:
    "@types/fs-extra": ^11.0.2
    fs-extra: ^11.1.1
    typescript: ^5.2.2
  languageName: unknown
  linkType: soft

"jsonfile@npm:^6.0.1":
  version: 6.1.0
  resolution: "jsonfile@npm:6.1.0"
  dependencies:
    graceful-fs: ^4.1.6
    universalify: ^2.0.0
  dependenciesMeta:
    graceful-fs:
      optional: true
  checksum: 7af3b8e1ac8fe7f1eccc6263c6ca14e1966fcbc74b618d3c78a0a2075579487547b94f72b7a1114e844a1e15bb00d440e5d1720bfc4612d790a6f285d5ea8354
  languageName: node
  linkType: hard

"react@workspace:packages/react":
  version: 0.0.0-use.local
  resolution: "react@workspace:packages/react"
  languageName: unknown
  linkType: soft

"typescript@npm:^5.2.2":
  version: 5.2.2
  resolution: "typescript@npm:5.2.2"
  bin:
    tsc: bin/tsc
    tsserver: bin/tsserver
  checksum: 7912821dac4d962d315c36800fe387cdc0a6298dba7ec171b350b4a6e988b51d7b8f051317786db1094bd7431d526b648aba7da8236607febb26cf5b871d2d3c
  languageName: node
  linkType: hard

"typescript@patch:typescript@^5.2.2#~builtin<compat/typescript>":
  version: 5.2.2
  resolution: "typescript@patch:typescript@npm%3A5.2.2#~builtin<compat/typescript>::version=5.2.2&hash=f3b441"
  bin:
    tsc: bin/tsc
    tsserver: bin/tsserver
  checksum: 0f4da2f15e6f1245e49db15801dbee52f2bbfb267e1c39225afdab5afee1a72839cd86000e65ee9d7e4dfaff12239d28beaf5ee431357fcced15fb08583d72ca
  languageName: node
  linkType: hard

"universalify@npm:^2.0.0":
  version: 2.0.0
  resolution: "universalify@npm:2.0.0"
  checksum: 2406a4edf4a8830aa6813278bab1f953a8e40f2f63a37873ffa9a3bc8f9745d06cc8e88f3572cb899b7e509013f7f6fcc3e37e8a6d914167a5381d8440518c44
  languageName: node
  linkType: hard
